
Microsoft Visual Studio Solution File, Format Version 12.00
# Visual Studio Express 2013 for Windows Desktop
VisualStudioVersion = 12.0.21005.1
MinimumVisualStudioVersion = 10.0.40219.1
Project("{8BC9CEB8-8B4A-11D0-8D11-00A0C91BC942}") = "mosp-server", "mosp-server\mosp-server.vcxproj", "{029B5102-656E-4686-8E06-3AE9A72BAF59}"
EndProject
Project("{8BC9CEB8-8B4A-11D0-8D11-00A0C91BC942}") = "mosp-common", "mosp-common\mosp-common.vcxproj", "{23CB0853-0D7F-4687-904A-F51157498914}"
EndProject
Project("{8BC9CEB8-8B4A-11D0-8D11-00A0C91BC942}") = "mosp-client", "mosp-client\mosp-client.vcxproj", "{013399A3-5C35-48C4-80C9-7C35520A91DD}"
	ProjectSection(ProjectDependencies) = postProject
		{029B5102-656E-4686-8E06-3AE9A72BAF59} = {029B5102-656E-4686-8E06-3AE9A72BAF59}
		{23CB0853-0D7F-4687-904A-F51157498914} = {23CB0853-0D7F-4687-904A-F51157498914}
	EndProjectSection
EndProject
Project("{8BC9CEB8-8B4A-11D0-8D11-00A0C91BC942}") = "mosp-launcher", "mosp-launcher\mosp-launcher.vcxproj", "{00426CD5-CD5E-47CC-A91E-425C741F7D23}"
EndProject
Global
	GlobalSection(SolutionConfigurationPlatforms) = preSolution
		Debug|Win32 = Debug|Win32
		Release|Win32 = Release|Win32
	EndGlobalSection
	GlobalSection(ProjectConfigurationPlatforms) = postSolution
		{029B5102-656E-4686-8E06-3AE9A72BAF59}.Debug|Win32.ActiveCfg = Debug|Win32
		{029B5102-656E-4686-8E06-3AE9A72BAF59}.Debug|Win32.Build.0 = Debug|Win32
		{029B5102-656E-4686-8E06-3AE9A72BAF59}.Release|Win32.ActiveCfg = Release|Win32
		{029B5102-656E-4686-8E06-3AE9A72BAF59}.Release|Win32.Build.0 = Release|Win32
		{23CB0853-0D7F-4687-904A-F51157498914}.Debug|Win32.ActiveCfg = Debug|Win32
		{23CB0853-0D7F-4687-904A-F51157498914}.Debug|Win32.Build.0 = Debug|Win32
		{23CB0853-0D7F-4687-904A-F51157498914}.Release|Win32.ActiveCfg = Release|Win32
		{23CB0853-0D7F-4687-904A-F51157498914}.Release|Win32.Build.0 = Release|Win32
		{013399A3-5C35-48C4-80C9-7C35520A91DD}.Debug|Win32.ActiveCfg = Debug|Win32
		{013399A3-5C35-48C4-80C9-7C35520A91DD}.Debug|Win32.Build.0 = Debug|Win32
		{013399A3-5C35-48C4-80C9-7C35520A91DD}.Release|Win32.ActiveCfg = Release|Win32
		{013399A3-5C35-48C4-80C9-7C35520A91DD}.Release|Win32.Build.0 = Release|Win32
		{00426CD5-CD5E-47CC-A91E-425C741F7D23}.Debug|Win32.ActiveCfg = Debug|Win32
		{00426CD5-CD5E-47CC-A91E-425C741F7D23}.Debug|Win32.Build.0 = Debug|Win32
		{00426CD5-CD5E-47CC-A91E-425C741F7D23}.Release|Win32.ActiveCfg = Release|Win32
		{00426CD5-CD5E-47CC-A91E-425C741F7D23}.Release|Win32.Build.0 = Release|Win32
	EndGlobalSection
	GlobalSection(SolutionProperties) = preSolution
		HideSolutionNode = FALSE
	EndGlobalSection
EndGlobal
